
Microsoft Visual Studio Solution File, Format Version 12.00
# Visual Studio Version 16
VisualStudioVersion = 16.0.30309.148
MinimumVisualStudioVersion = 10.0.40219.1
Project("{FAE04EC0-301F-11D3-BF4B-00C04F79EFBC}") = "MediatorCore3", "MediatorCore3\MediatorCore3.csproj", "{DBEAF013-AC88-4B03-A342-F277CE9FAA27}"
EndProject
Global
	GlobalSection(SolutionConfigurationPlatforms) = preSolution
		Debug|Any CPU = Debug|Any CPU
		Release|Any CPU = Release|Any CPU
	EndGlobalSection
	GlobalSection(ProjectConfigurationPlatforms) = postSolution
		{DBEAF013-AC88-4B03-A342-F277CE9FAA27}.Debug|Any CPU.ActiveCfg = Debug|Any CPU
		{DBEAF013-AC88-4B03-A342-F277CE9FAA27}.Debug|Any CPU.Build.0 = Debug|Any CPU
		{DBEAF013-AC88-4B03-A342-F277CE9FAA27}.Release|Any CPU.ActiveCfg = Release|Any CPU
		{DBEAF013-AC88-4B03-A342-F277CE9FAA27}.Release|Any CPU.Build.0 = Release|Any CPU
	EndGlobalSection
	GlobalSection(SolutionProperties) = preSolution
		HideSolutionNode = FALSE
	EndGlobalSection
	GlobalSection(ExtensibilityGlobals) = postSolution
		SolutionGuid = {8FD0BA37-D83E-4661-AC5F-890ADD2948ED}
	EndGlobalSection
EndGlobal
